// !$*UTF8*$!
{
	archiveVersion = 1;
	classes = {
	};
	objectVersion = 48;
	objects = {

/* Begin PBXBuildFile section */
		32CDA0A73A80B2F2E83A3F34 /* libPods-TextureNeiHanDemo.a in Frameworks */ = {isa = PBXBuildFile; fileRef = 096A374446529314FF9265EE /* libPods-TextureNeiHanDemo.a */; };
		402487032012353900E9E61B /* AnimalTableController.m in Sources */ = {isa = PBXBuildFile; fileRef = 402487002012353800E9E61B /* AnimalTableController.m */; };
		4024870F2012354800E9E61B /* CardNode_InterfaceCallbacks.m in Sources */ = {isa = PBXBuildFile; fileRef = 402487052012354700E9E61B /* CardNode_InterfaceCallbacks.m */; };
		402487102012354800E9E61B /* CardNode.m in Sources */ = {isa = PBXBuildFile; fileRef = 402487062012354700E9E61B /* CardNode.m */; };
		402487112012354800E9E61B /* GradientNode.m in Sources */ = {isa = PBXBuildFile; fileRef = 402487082012354700E9E61B /* GradientNode.m */; };
		402487122012354800E9E61B /* CardCell.m in Sources */ = {isa = PBXBuildFile; fileRef = 4024870A2012354700E9E61B /* CardCell.m */; };
		402487132012354800E9E61B /* Factories.m in Sources */ = {isa = PBXBuildFile; fileRef = 4024870D2012354800E9E61B /* Factories.m */; };
		402487182012355200E9E61B /* UIImage+ImageEffects.m in Sources */ = {isa = PBXBuildFile; fileRef = 402487142012355100E9E61B /* UIImage+ImageEffects.m */; };
		402487192012355200E9E61B /* RainforestCardInfo.m in Sources */ = {isa = PBXBuildFile; fileRef = 402487162012355200E9E61B /* RainforestCardInfo.m */; };
		404EC4EA200F8DE9000EC54E /* AppDelegate.m in Sources */ = {isa = PBXBuildFile; fileRef = 404EC4E9200F8DE9000EC54E /* AppDelegate.m */; };
		404EC4ED200F8DE9000EC54E /* ViewController.m in Sources */ = {isa = PBXBuildFile; fileRef = 404EC4EC200F8DE9000EC54E /* ViewController.m */; };
		404EC4F2200F8DE9000EC54E /* Assets.xcassets in Resources */ = {isa = PBXBuildFile; fileRef = 404EC4F1200F8DE9000EC54E /* Assets.xcassets */; };
		404EC4F5200F8DE9000EC54E /* LaunchScreen.storyboard in Resources */ = {isa = PBXBuildFile; fileRef = 404EC4F3200F8DE9000EC54E /* LaunchScreen.storyboard */; };
		404EC4F8200F8DEA000EC54E /* main.m in Sources */ = {isa = PBXBuildFile; fileRef = 404EC4F7200F8DEA000EC54E /* main.m */; };
		851C4E4520108C9400CED97D /* AnimatedGIFVC.m in Sources */ = {isa = PBXBuildFile; fileRef = 851C4E4420108C9400CED97D /* AnimatedGIFVC.m */; };
		851C4E49201094B700CED97D /* ASCollectionViewVC.m in Sources */ = {isa = PBXBuildFile; fileRef = 851C4E48201094B700CED97D /* ASCollectionViewVC.m */; };
		851C4E4C201096CB00CED97D /* SupplementaryNode.m in Sources */ = {isa = PBXBuildFile; fileRef = 851C4E4B201096CB00CED97D /* SupplementaryNode.m */; };
		851C4E4F2010A61100CED97D /* ItemNode.m in Sources */ = {isa = PBXBuildFile; fileRef = 851C4E4E2010A61100CED97D /* ItemNode.m */; };
/* End PBXBuildFile section */

/* Begin PBXFileReference section */
		096A374446529314FF9265EE /* libPods-TextureNeiHanDemo.a */ = {isa = PBXFileReference; explicitFileType = archive.ar; includeInIndex = 0; path = "libPods-TextureNeiHanDemo.a"; sourceTree = BUILT_PRODUCTS_DIR; };
		402487002012353800E9E61B /* AnimalTableController.m */ = {isa = PBXFileReference; fileEncoding = 4; lastKnownFileType = sourcecode.c.objc; path = AnimalTableController.m; sourceTree = "<group>"; };
		402487022012353900E9E61B /* AnimalTableController.h */ = {isa = PBXFileReference; fileEncoding = 4; lastKnownFileType = sourcecode.c.h; path = AnimalTableController.h; sourceTree = "<group>"; };
		402487052012354700E9E61B /* CardNode_InterfaceCallbacks.m */ = {isa = PBXFileReference; fileEncoding = 4; lastKnownFileType = sourcecode.c.objc; path = CardNode_InterfaceCallbacks.m; sourceTree = "<group>"; };
		402487062012354700E9E61B /* CardNode.m */ = {isa = PBXFileReference; fileEncoding = 4; lastKnownFileType = sourcecode.c.objc; path = CardNode.m; sourceTree = "<group>"; };
		402487072012354700E9E61B /* GradientNode.h */ = {isa = PBXFileReference; fileEncoding = 4; lastKnownFileType = sourcecode.c.h; path = GradientNode.h; sourceTree = "<group>"; };
		402487082012354700E9E61B /* GradientNode.m */ = {isa = PBXFileReference; fileEncoding = 4; lastKnownFileType = sourcecode.c.objc; path = GradientNode.m; sourceTree = "<group>"; };
		402487092012354700E9E61B /* CardNode_InterfaceCallbacks.h */ = {isa = PBXFileReference; fileEncoding = 4; lastKnownFileType = sourcecode.c.h; path = CardNode_InterfaceCallbacks.h; sourceTree = "<group>"; };
		4024870A2012354700E9E61B /* CardCell.m */ = {isa = PBXFileReference; fileEncoding = 4; lastKnownFileType = sourcecode.c.objc; path = CardCell.m; sourceTree = "<group>"; };
		4024870B2012354700E9E61B /* Factories.h */ = {isa = PBXFileReference; fileEncoding = 4; lastKnownFileType = sourcecode.c.h; path = Factories.h; sourceTree = "<group>"; };
		4024870C2012354800E9E61B /* CardNode.h */ = {isa = PBXFileReference; fileEncoding = 4; lastKnownFileType = sourcecode.c.h; path = CardNode.h; sourceTree = "<group>"; };
		4024870D2012354800E9E61B /* Factories.m */ = {isa = PBXFileReference; fileEncoding = 4; lastKnownFileType = sourcecode.c.objc; path = Factories.m; sourceTree = "<group>"; };
		4024870E2012354800E9E61B /* CardCell.h */ = {isa = PBXFileReference; fileEncoding = 4; lastKnownFileType = sourcecode.c.h; path = CardCell.h; sourceTree = "<group>"; };
		402487142012355100E9E61B /* UIImage+ImageEffects.m */ = {isa = PBXFileReference; fileEncoding = 4; lastKnownFileType = sourcecode.c.objc; path = "UIImage+ImageEffects.m"; sourceTree = "<group>"; };
		402487152012355200E9E61B /* RainforestCardInfo.h */ = {isa = PBXFileReference; fileEncoding = 4; lastKnownFileType = sourcecode.c.h; path = RainforestCardInfo.h; sourceTree = "<group>"; };
		402487162012355200E9E61B /* RainforestCardInfo.m */ = {isa = PBXFileReference; fileEncoding = 4; lastKnownFileType = sourcecode.c.objc; path = RainforestCardInfo.m; sourceTree = "<group>"; };
		402487172012355200E9E61B /* UIImage+ImageEffects.h */ = {isa = PBXFileReference; fileEncoding = 4; lastKnownFileType = sourcecode.c.h; path = "UIImage+ImageEffects.h"; sourceTree = "<group>"; };
		404EC4E5200F8DE9000EC54E /* TextureNeiHanDemo.app */ = {isa = PBXFileReference; explicitFileType = wrapper.application; includeInIndex = 0; path = TextureNeiHanDemo.app; sourceTree = BUILT_PRODUCTS_DIR; };
		404EC4E8200F8DE9000EC54E /* AppDelegate.h */ = {isa = PBXFileReference; lastKnownFileType = sourcecode.c.h; path = AppDelegate.h; sourceTree = "<group>"; };
		404EC4E9200F8DE9000EC54E /* AppDelegate.m */ = {isa = PBXFileReference; lastKnownFileType = sourcecode.c.objc; path = AppDelegate.m; sourceTree = "<group>"; };
		404EC4EB200F8DE9000EC54E /* ViewController.h */ = {isa = PBXFileReference; lastKnownFileType = sourcecode.c.h; path = ViewController.h; sourceTree = "<group>"; };
		404EC4EC200F8DE9000EC54E /* ViewController.m */ = {isa = PBXFileReference; lastKnownFileType = sourcecode.c.objc; path = ViewController.m; sourceTree = "<group>"; };
		404EC4F1200F8DE9000EC54E /* Assets.xcassets */ = {isa = PBXFileReference; lastKnownFileType = folder.assetcatalog; path = Assets.xcassets; sourceTree = "<group>"; };
		404EC4F4200F8DE9000EC54E /* Base */ = {isa = PBXFileReference; lastKnownFileType = file.storyboard; name = Base; path = Base.lproj/LaunchScreen.storyboard; sourceTree = "<group>"; };
		404EC4F6200F8DE9000EC54E /* Info.plist */ = {isa = PBXFileReference; lastKnownFileType = text.plist.xml; path = Info.plist; sourceTree = "<group>"; };
		404EC4F7200F8DEA000EC54E /* main.m */ = {isa = PBXFileReference; lastKnownFileType = sourcecode.c.objc; path = main.m; sourceTree = "<group>"; };
		404EC507200F9C90000EC54E /* Macro.h */ = {isa = PBXFileReference; lastKnownFileType = sourcecode.c.h; path = Macro.h; sourceTree = "<group>"; };
		851C4E4320108C9400CED97D /* AnimatedGIFVC.h */ = {isa = PBXFileReference; lastKnownFileType = sourcecode.c.h; path = AnimatedGIFVC.h; sourceTree = "<group>"; };
		851C4E4420108C9400CED97D /* AnimatedGIFVC.m */ = {isa = PBXFileReference; lastKnownFileType = sourcecode.c.objc; path = AnimatedGIFVC.m; sourceTree = "<group>"; };
		851C4E462010923900CED97D /* PrefixHeader.pch */ = {isa = PBXFileReference; lastKnownFileType = sourcecode.c.h; path = PrefixHeader.pch; sourceTree = "<group>"; };
		851C4E47201094B700CED97D /* ASCollectionViewVC.h */ = {isa = PBXFileReference; lastKnownFileType = sourcecode.c.h; path = ASCollectionViewVC.h; sourceTree = "<group>"; };
		851C4E48201094B700CED97D /* ASCollectionViewVC.m */ = {isa = PBXFileReference; lastKnownFileType = sourcecode.c.objc; path = ASCollectionViewVC.m; sourceTree = "<group>"; };
		851C4E4A201096CB00CED97D /* SupplementaryNode.h */ = {isa = PBXFileReference; lastKnownFileType = sourcecode.c.h; path = SupplementaryNode.h; sourceTree = "<group>"; };
		851C4E4B201096CB00CED97D /* SupplementaryNode.m */ = {isa = PBXFileReference; lastKnownFileType = sourcecode.c.objc; path = SupplementaryNode.m; sourceTree = "<group>"; };
		851C4E4D2010A61100CED97D /* ItemNode.h */ = {isa = PBXFileReference; lastKnownFileType = sourcecode.c.h; path = ItemNode.h; sourceTree = "<group>"; };
		851C4E4E2010A61100CED97D /* ItemNode.m */ = {isa = PBXFileReference; lastKnownFileType = sourcecode.c.objc; path = ItemNode.m; sourceTree = "<group>"; };
		8652236AC8849CA155F18088 /* Pods-TextureNeiHanDemo.debug.xcconfig */ = {isa = PBXFileReference; includeInIndex = 1; lastKnownFileType = text.xcconfig; name = "Pods-TextureNeiHanDemo.debug.xcconfig"; path = "Pods/Target Support Files/Pods-TextureNeiHanDemo/Pods-TextureNeiHanDemo.debug.xcconfig"; sourceTree = "<group>"; };
		CDC00A57214E22F8EC27EDB9 /* Pods-TextureNeiHanDemo.release.xcconfig */ = {isa = PBXFileReference; includeInIndex = 1; lastKnownFileType = text.xcconfig; name = "Pods-TextureNeiHanDemo.release.xcconfig"; path = "Pods/Target Support Files/Pods-TextureNeiHanDemo/Pods-TextureNeiHanDemo.release.xcconfig"; sourceTree = "<group>"; };
/* End PBXFileReference section */

/* Begin PBXFrameworksBuildPhase section */
		404EC4E2200F8DE9000EC54E /* Frameworks */ = {
			isa = PBXFrameworksBuildPhase;
			buildActionMask = 2147483647;
			files = (
				32CDA0A73A80B2F2E83A3F34 /* libPods-TextureNeiHanDemo.a in Frameworks */,
			);
			runOnlyForDeploymentPostprocessing = 0;
		};
/* End PBXFrameworksBuildPhase section */

/* Begin PBXGroup section */
		2B73E83B54A70C3CB8C2C47F /* Frameworks */ = {
			isa = PBXGroup;
			children = (
				096A374446529314FF9265EE /* libPods-TextureNeiHanDemo.a */,
			);
			name = Frameworks;
			sourceTree = "<group>";
		};
		402486FE2012350100E9E61B /* asdk */ = {
			isa = PBXGroup;
			children = (
				402487022012353900E9E61B /* AnimalTableController.h */,
				402487002012353800E9E61B /* AnimalTableController.m */,
				4024870E2012354800E9E61B /* CardCell.h */,
				4024870A2012354700E9E61B /* CardCell.m */,
				402487092012354700E9E61B /* CardNode_InterfaceCallbacks.h */,
				402487052012354700E9E61B /* CardNode_InterfaceCallbacks.m */,
				4024870C2012354800E9E61B /* CardNode.h */,
				402487062012354700E9E61B /* CardNode.m */,
				4024870B2012354700E9E61B /* Factories.h */,
				4024870D2012354800E9E61B /* Factories.m */,
				402487072012354700E9E61B /* GradientNode.h */,
				402487082012354700E9E61B /* GradientNode.m */,
				402487152012355200E9E61B /* RainforestCardInfo.h */,
				402487162012355200E9E61B /* RainforestCardInfo.m */,
				402487172012355200E9E61B /* UIImage+ImageEffects.h */,
				402487142012355100E9E61B /* UIImage+ImageEffects.m */,
			);
			path = asdk;
			sourceTree = "<group>";
		};
		404EC4DC200F8DE9000EC54E = {
			isa = PBXGroup;
			children = (
				404EC4E7200F8DE9000EC54E /* TextureNeiHanDemo */,
				404EC4E6200F8DE9000EC54E /* Products */,
				53F289B7CECCFF0FDDC02AB0 /* Pods */,
				2B73E83B54A70C3CB8C2C47F /* Frameworks */,
			);
			sourceTree = "<group>";
		};
		404EC4E6200F8DE9000EC54E /* Products */ = {
			isa = PBXGroup;
			children = (
				404EC4E5200F8DE9000EC54E /* TextureNeiHanDemo.app */,
			);
			name = Products;
			sourceTree = "<group>";
		};
		404EC4E7200F8DE9000EC54E /* TextureNeiHanDemo */ = {
			isa = PBXGroup;
			children = (
				404EC4E8200F8DE9000EC54E /* AppDelegate.h */,
				404EC4E9200F8DE9000EC54E /* AppDelegate.m */,
				404EC4EB200F8DE9000EC54E /* ViewController.h */,
				404EC4EC200F8DE9000EC54E /* ViewController.m */,
				851C4E4320108C9400CED97D /* AnimatedGIFVC.h */,
				851C4E4420108C9400CED97D /* AnimatedGIFVC.m */,
				851C4E47201094B700CED97D /* ASCollectionViewVC.h */,
				851C4E48201094B700CED97D /* ASCollectionViewVC.m */,
				851C4E4A201096CB00CED97D /* SupplementaryNode.h */,
				851C4E4B201096CB00CED97D /* SupplementaryNode.m */,
				851C4E4D2010A61100CED97D /* ItemNode.h */,
				851C4E4E2010A61100CED97D /* ItemNode.m */,
				402486FE2012350100E9E61B /* asdk */,
				404EC4F1200F8DE9000EC54E /* Assets.xcassets */,
				404EC4F3200F8DE9000EC54E /* LaunchScreen.storyboard */,
				404EC4F6200F8DE9000EC54E /* Info.plist */,
				404EC4F7200F8DEA000EC54E /* main.m */,
				404EC507200F9C90000EC54E /* Macro.h */,
				851C4E462010923900CED97D /* PrefixHeader.pch */,
			);
			path = TextureNeiHanDemo;
			sourceTree = "<group>";
		};
		53F289B7CECCFF0FDDC02AB0 /* Pods */ = {
			isa = PBXGroup;
			children = (
				8652236AC8849CA155F18088 /* Pods-TextureNeiHanDemo.debug.xcconfig */,
				CDC00A57214E22F8EC27EDB9 /* Pods-TextureNeiHanDemo.release.xcconfig */,
			);
			name = Pods;
			sourceTree = "<group>";
		};
/* End PBXGroup section */

/* Begin PBXNativeTarget section */
		404EC4E4200F8DE9000EC54E /* TextureNeiHanDemo */ = {
			isa = PBXNativeTarget;
			buildConfigurationList = 404EC4FB200F8DEA000EC54E /* Build configuration list for PBXNativeTarget "TextureNeiHanDemo" */;
			buildPhases = (
				824844D7DA18108352610472 /* [CP] Check Pods Manifest.lock */,
				404EC4E1200F8DE9000EC54E /* Sources */,
				404EC4E2200F8DE9000EC54E /* Frameworks */,
				404EC4E3200F8DE9000EC54E /* Resources */,
				9242517B06B6E8DF2279B9AE /* [CP] Embed Pods Frameworks */,
				1B7739F99F2F4EA45655E987 /* [CP] Copy Pods Resources */,
			);
			buildRules = (
			);
			dependencies = (
			);
			name = TextureNeiHanDemo;
			productName = TextureNeiHanDemo;
			productReference = 404EC4E5200F8DE9000EC54E /* TextureNeiHanDemo.app */;
			productType = "com.apple.product-type.application";
		};
/* End PBXNativeTarget section */

/* Begin PBXProject section */
		404EC4DD200F8DE9000EC54E /* Project object */ = {
			isa = PBXProject;
			attributes = {
				LastUpgradeCheck = 0910;
				ORGANIZATIONNAME = "薛乐";
				TargetAttributes = {
					404EC4E4200F8DE9000EC54E = {
						CreatedOnToolsVersion = 9.1;
						ProvisioningStyle = Automatic;
					};
				};
			};
			buildConfigurationList = 404EC4E0200F8DE9000EC54E /* Build configuration list for PBXProject "TextureNeiHanDemo" */;
			compatibilityVersion = "Xcode 8.0";
			developmentRegion = en;
			hasScannedForEncodings = 0;
			knownRegions = (
				en,
				Base,
			);
			mainGroup = 404EC4DC200F8DE9000EC54E;
			productRefGroup = 404EC4E6200F8DE9000EC54E /* Products */;
			projectDirPath = "";
			projectRoot = "";
			targets = (
				404EC4E4200F8DE9000EC54E /* TextureNeiHanDemo */,
			);
		};
/* End PBXProject section */

/* Begin PBXResourcesBuildPhase section */
		404EC4E3200F8DE9000EC54E /* Resources */ = {
			isa = PBXResourcesBuildPhase;
			buildActionMask = 2147483647;
			files = (
				404EC4F5200F8DE9000EC54E /* LaunchScreen.storyboard in Resources */,
				404EC4F2200F8DE9000EC54E /* Assets.xcassets in Resources */,
			);
			runOnlyForDeploymentPostprocessing = 0;
		};
/* End PBXResourcesBuildPhase section */

/* Begin PBXShellScriptBuildPhase section */
		1B7739F99F2F4EA45655E987 /* [CP] Copy Pods Resources */ = {
			isa = PBXShellScriptBuildPhase;
			buildActionMask = 2147483647;
			files = (
			);
			inputPaths = (
			);
			name = "[CP] Copy Pods Resources";
			outputPaths = (
			);
			runOnlyForDeploymentPostprocessing = 0;
			shellPath = /bin/sh;
			shellScript = "\"${SRCROOT}/Pods/Target Support Files/Pods-TextureNeiHanDemo/Pods-TextureNeiHanDemo-resources.sh\"\n";
			showEnvVarsInLog = 0;
		};
		824844D7DA18108352610472 /* [CP] Check Pods Manifest.lock */ = {
			isa = PBXShellScriptBuildPhase;
			buildActionMask = 2147483647;
			files = (
			);
			inputPaths = (
				"${PODS_PODFILE_DIR_PATH}/Podfile.lock",
				"${PODS_ROOT}/Manifest.lock",
			);
			name = "[CP] Check Pods Manifest.lock";
			outputPaths = (
				"$(DERIVED_FILE_DIR)/Pods-TextureNeiHanDemo-checkManifestLockResult.txt",
			);
			runOnlyForDeploymentPostprocessing = 0;
			shellPath = /bin/sh;
			shellScript = "diff \"${PODS_PODFILE_DIR_PATH}/Podfile.lock\" \"${PODS_ROOT}/Manifest.lock\" > /dev/null\nif [ $? != 0 ] ; then\n    # print error to STDERR\n    echo \"error: The sandbox is not in sync with the Podfile.lock. Run 'pod install' or update your CocoaPods installation.\" >&2\n    exit 1\nfi\n# This output is used by Xcode 'outputs' to avoid re-running this script phase.\necho \"SUCCESS\" > \"${SCRIPT_OUTPUT_FILE_0}\"\n";
			showEnvVarsInLog = 0;
		};
		9242517B06B6E8DF2279B9AE /* [CP] Embed Pods Frameworks */ = {
			isa = PBXShellScriptBuildPhase;
			buildActionMask = 2147483647;
			files = (
			);
			inputPaths = (
			);
			name = "[CP] Embed Pods Frameworks";
			outputPaths = (
			);
			runOnlyForDeploymentPostprocessing = 0;
			shellPath = /bin/sh;
			shellScript = "\"${SRCROOT}/Pods/Target Support Files/Pods-TextureNeiHanDemo/Pods-TextureNeiHanDemo-frameworks.sh\"\n";
			showEnvVarsInLog = 0;
		};
/* End PBXShellScriptBuildPhase section */

/* Begin PBXSourcesBuildPhase section */
		404EC4E1200F8DE9000EC54E /* Sources */ = {
			isa = PBXSourcesBuildPhase;
			buildActionMask = 2147483647;
			files = (
				402487132012354800E9E61B /* Factories.m in Sources */,
				402487032012353900E9E61B /* AnimalTableController.m in Sources */,
				402487192012355200E9E61B /* RainforestCardInfo.m in Sources */,
				402487112012354800E9E61B /* GradientNode.m in Sources */,
				851C4E4520108C9400CED97D /* AnimatedGIFVC.m in Sources */,
				402487122012354800E9E61B /* CardCell.m in Sources */,
				404EC4ED200F8DE9000EC54E /* ViewController.m in Sources */,
				404EC4F8200F8DEA000EC54E /* main.m in Sources */,
				851C4E4C201096CB00CED97D /* SupplementaryNode.m in Sources */,
				851C4E4F2010A61100CED97D /* ItemNode.m in Sources */,
				4024870F2012354800E9E61B /* CardNode_InterfaceCallbacks.m in Sources */,
				404EC4EA200F8DE9000EC54E /* AppDelegate.m in Sources */,
				402487182012355200E9E61B /* UIImage+ImageEffects.m in Sources */,
				402487102012354800E9E61B /* CardNode.m in Sources */,
				851C4E49201094B700CED97D /* ASCollectionViewVC.m in Sources */,
			);
			runOnlyForDeploymentPostprocessing = 0;
		};
/* End PBXSourcesBuildPhase section */

/* Begin PBXVariantGroup section */
		404EC4F3200F8DE9000EC54E /* LaunchScreen.storyboard */ = {
			isa = PBXVariantGroup;
			children = (
				404EC4F4200F8DE9000EC54E /* Base */,
			);
			name = LaunchScreen.storyboard;
			sourceTree = "<group>";
		};
/* End PBXVariantGroup section */

/* Begin XCBuildConfiguration section */
		404EC4F9200F8DEA000EC54E /* Debug */ = {
			isa = XCBuildConfiguration;
			buildSettings = {
				ALWAYS_SEARCH_USER_PATHS = NO;
				CLANG_ANALYZER_NONNULL = YES;
				CLANG_ANALYZER_NUMBER_OBJECT_CONVERSION = YES_AGGRESSIVE;
				CLANG_CXX_LANGUAGE_STANDARD = "gnu++14";
				CLANG_CXX_LIBRARY = "libc++";
				CLANG_ENABLE_MODULES = YES;
				CLANG_ENABLE_OBJC_ARC = YES;
				CLANG_WARN_BLOCK_CAPTURE_AUTORELEASING = YES;
				CLANG_WARN_BOOL_CONVERSION = YES;
				CLANG_WARN_COMMA = YES;
				CLANG_WARN_CONSTANT_CONVERSION = YES;
				CLANG_WARN_DIRECT_OBJC_ISA_USAGE = YES_ERROR;
				CLANG_WARN_DOCUMENTATION_COMMENTS = YES;
				CLANG_WARN_EMPTY_BODY = YES;
				CLANG_WARN_ENUM_CONVERSION = YES;
				CLANG_WARN_INFINITE_RECURSION = YES;
				CLANG_WARN_INT_CONVERSION = YES;
				CLANG_WARN_NON_LITERAL_NULL_CONVERSION = YES;
				CLANG_WARN_OBJC_LITERAL_CONVERSION = YES;
				CLANG_WARN_OBJC_ROOT_CLASS = YES_ERROR;
				CLANG_WARN_RANGE_LOOP_ANALYSIS = YES;
				CLANG_WARN_STRICT_PROTOTYPES = YES;
				CLANG_WARN_SUSPICIOUS_MOVE = YES;
				CLANG_WARN_UNGUARDED_AVAILABILITY = YES_AGGRESSIVE;
				CLANG_WARN_UNREACHABLE_CODE = YES;
				CLANG_WARN__DUPLICATE_METHOD_MATCH = YES;
				CODE_SIGN_IDENTITY = "iPhone Developer";
				COPY_PHASE_STRIP = NO;
				DEBUG_INFORMATION_FORMAT = dwarf;
				ENABLE_STRICT_OBJC_MSGSEND = YES;
				ENABLE_TESTABILITY = YES;
				GCC_C_LANGUAGE_STANDARD = gnu11;
				GCC_DYNAMIC_NO_PIC = NO;
				GCC_NO_COMMON_BLOCKS = YES;
				GCC_OPTIMIZATION_LEVEL = 0;
				GCC_PREPROCESSOR_DEFINITIONS = (
					"DEBUG=1",
					"$(inherited)",
				);
				GCC_WARN_64_TO_32_BIT_CONVERSION = YES;
				GCC_WARN_ABOUT_RETURN_TYPE = YES_ERROR;
				GCC_WARN_UNDECLARED_SELECTOR = YES;
				GCC_WARN_UNINITIALIZED_AUTOS = YES_AGGRESSIVE;
				GCC_WARN_UNUSED_FUNCTION = YES;
				GCC_WARN_UNUSED_VARIABLE = YES;
				IPHONEOS_DEPLOYMENT_TARGET = 11.1;
				MTL_ENABLE_DEBUG_INFO = YES;
				ONLY_ACTIVE_ARCH = YES;
				SDKROOT = iphoneos;
			};
			name = Debug;
		};
		404EC4FA200F8DEA000EC54E /* Release */ = {
			isa = XCBuildConfiguration;
			buildSettings = {
				ALWAYS_SEARCH_USER_PATHS = NO;
				CLANG_ANALYZER_NONNULL = YES;
				CLANG_ANALYZER_NUMBER_OBJECT_CONVERSION = YES_AGGRESSIVE;
				CLANG_CXX_LANGUAGE_STANDARD = "gnu++14";
				CLANG_CXX_LIBRARY = "libc++";
				CLANG_ENABLE_MODULES = YES;
				CLANG_ENABLE_OBJC_ARC = YES;
				CLANG_WARN_BLOCK_CAPTURE_AUTORELEASING = YES;
				CLANG_WARN_BOOL_CONVERSION = YES;
				CLANG_WARN_COMMA = YES;
				CLANG_WARN_CONSTANT_CONVERSION = YES;
				CLANG_WARN_DIRECT_OBJC_ISA_USAGE = YES_ERROR;
				CLANG_WARN_DOCUMENTATION_COMMENTS = YES;
				CLANG_WARN_EMPTY_BODY = YES;
				CLANG_WARN_ENUM_CONVERSION = YES;
				CLANG_WARN_INFINITE_RECURSION = YES;
				CLANG_WARN_INT_CONVERSION = YES;
				CLANG_WARN_NON_LITERAL_NULL_CONVERSION = YES;
				CLANG_WARN_OBJC_LITERAL_CONVERSION = YES;
				CLANG_WARN_OBJC_ROOT_CLASS = YES_ERROR;
				CLANG_WARN_RANGE_LOOP_ANALYSIS = YES;
				CLANG_WARN_STRICT_PROTOTYPES = YES;
				CLANG_WARN_SUSPICIOUS_MOVE = YES;
				CLANG_WARN_UNGUARDED_AVAILABILITY = YES_AGGRESSIVE;
				CLANG_WARN_UNREACHABLE_CODE = YES;
				CLANG_WARN__DUPLICATE_METHOD_MATCH = YES;
				CODE_SIGN_IDENTITY = "iPhone Developer";
				COPY_PHASE_STRIP = NO;
				DEBUG_INFORMATION_FORMAT = "dwarf-with-dsym";
				ENABLE_NS_ASSERTIONS = NO;
				ENABLE_STRICT_OBJC_MSGSEND = YES;
				GCC_C_LANGUAGE_STANDARD = gnu11;
				GCC_NO_COMMON_BLOCKS = YES;
				GCC_WARN_64_TO_32_BIT_CONVERSION = YES;
				GCC_WARN_ABOUT_RETURN_TYPE = YES_ERROR;
				GCC_WARN_UNDECLARED_SELECTOR = YES;
				GCC_WARN_UNINITIALIZED_AUTOS = YES_AGGRESSIVE;
				GCC_WARN_UNUSED_FUNCTION = YES;
				GCC_WARN_UNUSED_VARIABLE = YES;
				IPHONEOS_DEPLOYMENT_TARGET = 11.1;
				MTL_ENABLE_DEBUG_INFO = NO;
				SDKROOT = iphoneos;
				VALIDATE_PRODUCT = YES;
			};
			name = Release;
		};
		404EC4FC200F8DEA000EC54E /* Debug */ = {
			isa = XCBuildConfiguration;
			baseConfigurationReference = 8652236AC8849CA155F18088 /* Pods-TextureNeiHanDemo.debug.xcconfig */;
			buildSettings = {
				ASSETCATALOG_COMPILER_APPICON_NAME = AppIcon;
				CODE_SIGN_STYLE = Automatic;
				DEVELOPMENT_TEAM = 8CL9TSWYV3;
				GCC_PREFIX_HEADER = "$(SRCROOT)/TextureNeiHanDemo/PrefixHeader.pch";
				INFOPLIST_FILE = TextureNeiHanDemo/Info.plist;
				IPHONEOS_DEPLOYMENT_TARGET = 9.0;
				LD_RUNPATH_SEARCH_PATHS = "$(inherited) @executable_path/Frameworks";
				PRODUCT_BUNDLE_IDENTIFIER = com.xue.TextureNeiHanDemo;
				PRODUCT_NAME = "$(TARGET_NAME)";
				TARGETED_DEVICE_FAMILY = "1,2";
			};
			name = Debug;
		};
		404EC4FD200F8DEA000EC54E /* Release */ = {
			isa = XCBuildConfiguration;
			baseConfigurationReference = CDC00A57214E22F8EC27EDB9 /* Pods-TextureNeiHanDemo.release.xcconfig */;
			buildSettings = {
				ASSETCATALOG_COMPILER_APPICON_NAME = AppIcon;
				CODE_SIGN_STYLE = Automatic;
				DEVELOPMENT_TEAM = 8CL9TSWYV3;
				GCC_PREFIX_HEADER = "$(SRCROOT)/TextureNeiHanDemo/PrefixHeader.pch";
				INFOPLIST_FILE = TextureNeiHanDemo/Info.plist;
				IPHONEOS_DEPLOYMENT_TARGET = 9.0;
				LD_RUNPATH_SEARCH_PATHS = "$(inherited) @executable_path/Frameworks";
				PRODUCT_BUNDLE_IDENTIFIER = com.xue.TextureNeiHanDemo;
				PRODUCT_NAME = "$(TARGET_NAME)";
				TARGETED_DEVICE_FAMILY = "1,2";
			};
			name = Release;
		};
/* End XCBuildConfiguration section */

/* Begin XCConfigurationList section */
		404EC4E0200F8DE9000EC54E /* Build configuration list for PBXProject "TextureNeiHanDemo" */ = {
			isa = XCConfigurationList;
			buildConfigurations = (
				404EC4F9200F8DEA000EC54E /* Debug */,
				404EC4FA200F8DEA000EC54E /* Release */,
			);
			defaultConfigurationIsVisible = 0;
			defaultConfigurationName = Release;
		};
		404EC4FB200F8DEA000EC54E /* Build configuration list for PBXNativeTarget "TextureNeiHanDemo" */ = {
			isa = XCConfigurationList;
			buildConfigurations = (
				404EC4FC200F8DEA000EC54E /* Debug */,
				404EC4FD200F8DEA000EC54E /* Release */,
			);
			defaultConfigurationIsVisible = 0;
			defaultConfigurationName = Release;
		};
/* End XCConfigurationList section */
	};
	rootObject = 404EC4DD200F8DE9000EC54E /* Project object */;
}
